{
  "name": "tts_stt_project",
  "version": "1.0.0",
  "lockfileVersion": 3,
  "requires": true,
  "packages": {
    "": {
      "name": "tts_stt_project",
      "version": "1.0.0",
      "license": "ISC",
      "dependencies": {
        "sherpa-onnx": "^1.10.40"
      }
    },
    "node_modules/sherpa-onnx": {
      "version": "1.10.40",
      "resolved": "https://registry.npmjs.org/sherpa-onnx/-/sherpa-onnx-1.10.40.tgz",
      "integrity": "sha512-/3+PteyPp0+6FfeE/68Ci+tl43XY1Ekbjcerg84q1Jn+Ya9utdE2VL9DttyYEEahUyqT0IzrtfnJXlz9dT/PuQ==",
      "license": "Apache-2.0"
    }
  }
}
